// !$*UTF8*$!
{
	archiveVersion = 1;
	classes = {
	};
	objectVersion = 50;
	objects = {

/* Begin PBXBuildFile section */
		C30861312549CD3500D43A32 /* AppDelegate.swift in Sources */ = {isa = PBXBuildFile; fileRef = C30861302549CD3500D43A32 /* AppDelegate.swift */; };
		C308613A2549CD3800D43A32 /* Assets.xcassets in Resources */ = {isa = PBXBuildFile; fileRef = C30861392549CD3800D43A32 /* Assets.xcassets */; };
		C308613D2549CD3800D43A32 /* LaunchScreen.storyboard in Resources */ = {isa = PBXBuildFile; fileRef = C308613B2549CD3800D43A32 /* LaunchScreen.storyboard */; };
		C308614D2549CE3200D43A32 /* Coordinator.swift in Sources */ = {isa = PBXBuildFile; fileRef = C308614C2549CE3200D43A32 /* Coordinator.swift */; };
		C30861512549CE7300D43A32 /* UIViewController+NibLoaded.swift in Sources */ = {isa = PBXBuildFile; fileRef = C30861502549CE7300D43A32 /* UIViewController+NibLoaded.swift */; };
		C30861542549CECE00D43A32 /* ProductsListViewController.swift in Sources */ = {isa = PBXBuildFile; fileRef = C30861532549CECE00D43A32 /* ProductsListViewController.swift */; };
		C30861572549CEEB00D43A32 /* ProductDetailsViewController.swift in Sources */ = {isa = PBXBuildFile; fileRef = C30861562549CEEB00D43A32 /* ProductDetailsViewController.swift */; };
		C30861602549CFCC00D43A32 /* ProductsListViewController.xib in Resources */ = {isa = PBXBuildFile; fileRef = C308615F2549CFCC00D43A32 /* ProductsListViewController.xib */; };
		C30861632549CFD600D43A32 /* ProductDetailsViewController.xib in Resources */ = {isa = PBXBuildFile; fileRef = C30861622549CFD600D43A32 /* ProductDetailsViewController.xib */; };
		C30861672549D11300D43A32 /* MainCoordinator.swift in Sources */ = {isa = PBXBuildFile; fileRef = C30861662549D11300D43A32 /* MainCoordinator.swift */; };
		C308616E2549D49B00D43A32 /* HttpMethod.swift in Sources */ = {isa = PBXBuildFile; fileRef = C308616D2549D49B00D43A32 /* HttpMethod.swift */; };
		C30861712549D4AC00D43A32 /* Resource.swift in Sources */ = {isa = PBXBuildFile; fileRef = C30861702549D4AC00D43A32 /* Resource.swift */; };
		C30861742549DE0A00D43A32 /* APIError.swift in Sources */ = {isa = PBXBuildFile; fileRef = C30861732549DE0A00D43A32 /* APIError.swift */; };
		C30861772549E4D800D43A32 /* EBSAPIClient.swift in Sources */ = {isa = PBXBuildFile; fileRef = C30861762549E4D800D43A32 /* EBSAPIClient.swift */; };
		C308617B2549E54700D43A32 /* ProductResponse.swift in Sources */ = {isa = PBXBuildFile; fileRef = C308617A2549E54700D43A32 /* ProductResponse.swift */; };
		C30C00042549EA1F00AFB468 /* ProductsListPresenter.swift in Sources */ = {isa = PBXBuildFile; fileRef = C30C00032549EA1F00AFB468 /* ProductsListPresenter.swift */; };
		C30C00072549ED5F00AFB468 /* ProductViewModel.swift in Sources */ = {isa = PBXBuildFile; fileRef = C30C00062549ED5F00AFB468 /* ProductViewModel.swift */; };
		C30C000A2549EE0900AFB468 /* ProductsListInteractor.swift in Sources */ = {isa = PBXBuildFile; fileRef = C30C00092549EE0900AFB468 /* ProductsListInteractor.swift */; };
		C30C000D2549EE2300AFB468 /* ProductsListModuleProtocols.swift in Sources */ = {isa = PBXBuildFile; fileRef = C30C000C2549EE2300AFB468 /* ProductsListModuleProtocols.swift */; };
		C30C00132549F73D00AFB468 /* ProductListTableViewCell.swift in Sources */ = {isa = PBXBuildFile; fileRef = C30C00122549F73D00AFB468 /* ProductListTableViewCell.swift */; };
		C30C00162549F74F00AFB468 /* ProductListTableViewCell.xib in Resources */ = {isa = PBXBuildFile; fileRef = C30C00152549F74F00AFB468 /* ProductListTableViewCell.xib */; };
		C30C001B254A023700AFB468 /* ImageCache.swift in Sources */ = {isa = PBXBuildFile; fileRef = C30C001A254A023700AFB468 /* ImageCache.swift */; };
		C30C001E254A027900AFB468 /* ImageURLProtocol.swift in Sources */ = {isa = PBXBuildFile; fileRef = C30C001D254A027900AFB468 /* ImageURLProtocol.swift */; };
		C30C0021254A02A600AFB468 /* ImageItem.swift in Sources */ = {isa = PBXBuildFile; fileRef = C30C0020254A02A600AFB468 /* ImageItem.swift */; };
		C30C0056254B2C7400AFB468 /* UIViewController+NavigationItem.swift in Sources */ = {isa = PBXBuildFile; fileRef = C30C0055254B2C7400AFB468 /* UIViewController+NavigationItem.swift */; };
		C30C0059254B2D0500AFB468 /* UIColor+Colors.swift in Sources */ = {isa = PBXBuildFile; fileRef = C30C0058254B2D0500AFB468 /* UIColor+Colors.swift */; };
		C30C005C254B2D2400AFB468 /* UITableView+Registration.swift in Sources */ = {isa = PBXBuildFile; fileRef = C30C005B254B2D2400AFB468 /* UITableView+Registration.swift */; };
		C30C005F254B2D4700AFB468 /* UITableViewCell+ReuseIdentifier.swift in Sources */ = {isa = PBXBuildFile; fileRef = C30C005E254B2D4700AFB468 /* UITableViewCell+ReuseIdentifier.swift */; };
		C30C0064254B2D8100AFB468 /* UIImageView+AsyncLoading.swift in Sources */ = {isa = PBXBuildFile; fileRef = C30C0063254B2D8100AFB468 /* UIImageView+AsyncLoading.swift */; };
		C30C0069254B755700AFB468 /* ProductListLoadingTableViewCell.swift in Sources */ = {isa = PBXBuildFile; fileRef = C30C0068254B755700AFB468 /* ProductListLoadingTableViewCell.swift */; };
		C30C006C254B758A00AFB468 /* ProductListLoadingTableViewCell.xib in Resources */ = {isa = PBXBuildFile; fileRef = C30C006B254B758A00AFB468 /* ProductListLoadingTableViewCell.xib */; };
		C3F966C7254B82D7000D0FD7 /* ProductDetailsCoordinator.swift in Sources */ = {isa = PBXBuildFile; fileRef = C3F966C6254B82D7000D0FD7 /* ProductDetailsCoordinator.swift */; };
		C3F966CE254BE2CB000D0FD7 /* ProductShortInfoView.swift in Sources */ = {isa = PBXBuildFile; fileRef = C3F966CD254BE2CB000D0FD7 /* ProductShortInfoView.swift */; };
/* End PBXBuildFile section */

/* Begin PBXFileReference section */
		C308612D2549CD3500D43A32 /* EBS_TEST.app */ = {isa = PBXFileReference; explicitFileType = wrapper.application; includeInIndex = 0; path = EBS_TEST.app; sourceTree = BUILT_PRODUCTS_DIR; };
		C30861302549CD3500D43A32 /* AppDelegate.swift */ = {isa = PBXFileReference; lastKnownFileType = sourcecode.swift; path = AppDelegate.swift; sourceTree = "<group>"; };
		C30861392549CD3800D43A32 /* Assets.xcassets */ = {isa = PBXFileReference; lastKnownFileType = folder.assetcatalog; path = Assets.xcassets; sourceTree = "<group>"; };
		C308613C2549CD3800D43A32 /* Base */ = {isa = PBXFileReference; lastKnownFileType = file.storyboard; name = Base; path = Base.lproj/LaunchScreen.storyboard; sourceTree = "<group>"; };
		C308613E2549CD3800D43A32 /* Info.plist */ = {isa = PBXFileReference; lastKnownFileType = text.plist.xml; path = Info.plist; sourceTree = "<group>"; };
		C308614C2549CE3200D43A32 /* Coordinator.swift */ = {isa = PBXFileReference; lastKnownFileType = sourcecode.swift; path = Coordinator.swift; sourceTree = "<group>"; };
		C30861502549CE7300D43A32 /* UIViewController+NibLoaded.swift */ = {isa = PBXFileReference; lastKnownFileType = sourcecode.swift; path = "UIViewController+NibLoaded.swift"; sourceTree = "<group>"; };
		C30861532549CECE00D43A32 /* ProductsListViewController.swift */ = {isa = PBXFileReference; lastKnownFileType = sourcecode.swift; path = ProductsListViewController.swift; sourceTree = "<group>"; };
		C30861562549CEEB00D43A32 /* ProductDetailsViewController.swift */ = {isa = PBXFileReference; lastKnownFileType = sourcecode.swift; path = ProductDetailsViewController.swift; sourceTree = "<group>"; };
		C308615F2549CFCC00D43A32 /* ProductsListViewController.xib */ = {isa = PBXFileReference; lastKnownFileType = file.xib; path = ProductsListViewController.xib; sourceTree = "<group>"; };
		C30861622549CFD600D43A32 /* ProductDetailsViewController.xib */ = {isa = PBXFileReference; lastKnownFileType = file.xib; path = ProductDetailsViewController.xib; sourceTree = "<group>"; };
		C30861662549D11300D43A32 /* MainCoordinator.swift */ = {isa = PBXFileReference; lastKnownFileType = sourcecode.swift; path = MainCoordinator.swift; sourceTree = "<group>"; };
		C308616D2549D49B00D43A32 /* HttpMethod.swift */ = {isa = PBXFileReference; lastKnownFileType = sourcecode.swift; path = HttpMethod.swift; sourceTree = "<group>"; };
		C30861702549D4AC00D43A32 /* Resource.swift */ = {isa = PBXFileReference; lastKnownFileType = sourcecode.swift; path = Resource.swift; sourceTree = "<group>"; };
		C30861732549DE0A00D43A32 /* APIError.swift */ = {isa = PBXFileReference; lastKnownFileType = sourcecode.swift; path = APIError.swift; sourceTree = "<group>"; };
		C30861762549E4D800D43A32 /* EBSAPIClient.swift */ = {isa = PBXFileReference; lastKnownFileType = sourcecode.swift; path = EBSAPIClient.swift; sourceTree = "<group>"; };
		C308617A2549E54700D43A32 /* ProductResponse.swift */ = {isa = PBXFileReference; lastKnownFileType = sourcecode.swift; path = ProductResponse.swift; sourceTree = "<group>"; };
		C30C00032549EA1F00AFB468 /* ProductsListPresenter.swift */ = {isa = PBXFileReference; lastKnownFileType = sourcecode.swift; path = ProductsListPresenter.swift; sourceTree = "<group>"; };
		C30C00062549ED5F00AFB468 /* ProductViewModel.swift */ = {isa = PBXFileReference; lastKnownFileType = sourcecode.swift; path = ProductViewModel.swift; sourceTree = "<group>"; };
		C30C00092549EE0900AFB468 /* ProductsListInteractor.swift */ = {isa = PBXFileReference; lastKnownFileType = sourcecode.swift; path = ProductsListInteractor.swift; sourceTree = "<group>"; };
		C30C000C2549EE2300AFB468 /* ProductsListModuleProtocols.swift */ = {isa = PBXFileReference; lastKnownFileType = sourcecode.swift; path = ProductsListModuleProtocols.swift; sourceTree = "<group>"; };
		C30C00122549F73D00AFB468 /* ProductListTableViewCell.swift */ = {isa = PBXFileReference; lastKnownFileType = sourcecode.swift; path = ProductListTableViewCell.swift; sourceTree = "<group>"; };
		C30C00152549F74F00AFB468 /* ProductListTableViewCell.xib */ = {isa = PBXFileReference; lastKnownFileType = file.xib; path = ProductListTableViewCell.xib; sourceTree = "<group>"; };
		C30C001A254A023700AFB468 /* ImageCache.swift */ = {isa = PBXFileReference; lastKnownFileType = sourcecode.swift; path = ImageCache.swift; sourceTree = "<group>"; };
		C30C001D254A027900AFB468 /* ImageURLProtocol.swift */ = {isa = PBXFileReference; lastKnownFileType = sourcecode.swift; path = ImageURLProtocol.swift; sourceTree = "<group>"; };
		C30C0020254A02A600AFB468 /* ImageItem.swift */ = {isa = PBXFileReference; lastKnownFileType = sourcecode.swift; path = ImageItem.swift; sourceTree = "<group>"; };
		C30C0055254B2C7400AFB468 /* UIViewController+NavigationItem.swift */ = {isa = PBXFileReference; lastKnownFileType = sourcecode.swift; path = "UIViewController+NavigationItem.swift"; sourceTree = "<group>"; };
		C30C0058254B2D0500AFB468 /* UIColor+Colors.swift */ = {isa = PBXFileReference; lastKnownFileType = sourcecode.swift; path = "UIColor+Colors.swift"; sourceTree = "<group>"; };
		C30C005B254B2D2400AFB468 /* UITableView+Registration.swift */ = {isa = PBXFileReference; lastKnownFileType = sourcecode.swift; path = "UITableView+Registration.swift"; sourceTree = "<group>"; };
		C30C005E254B2D4700AFB468 /* UITableViewCell+ReuseIdentifier.swift */ = {isa = PBXFileReference; lastKnownFileType = sourcecode.swift; path = "UITableViewCell+ReuseIdentifier.swift"; sourceTree = "<group>"; };
		C30C0063254B2D8100AFB468 /* UIImageView+AsyncLoading.swift */ = {isa = PBXFileReference; lastKnownFileType = sourcecode.swift; path = "UIImageView+AsyncLoading.swift"; sourceTree = "<group>"; };
		C30C0068254B755700AFB468 /* ProductListLoadingTableViewCell.swift */ = {isa = PBXFileReference; lastKnownFileType = sourcecode.swift; path = ProductListLoadingTableViewCell.swift; sourceTree = "<group>"; };
		C30C006B254B758A00AFB468 /* ProductListLoadingTableViewCell.xib */ = {isa = PBXFileReference; lastKnownFileType = file.xib; path = ProductListLoadingTableViewCell.xib; sourceTree = "<group>"; };
		C3F966C6254B82D7000D0FD7 /* ProductDetailsCoordinator.swift */ = {isa = PBXFileReference; lastKnownFileType = sourcecode.swift; path = ProductDetailsCoordinator.swift; sourceTree = "<group>"; };
		C3F966CD254BE2CB000D0FD7 /* ProductShortInfoView.swift */ = {isa = PBXFileReference; lastKnownFileType = sourcecode.swift; path = ProductShortInfoView.swift; sourceTree = "<group>"; };
/* End PBXFileReference section */

/* Begin PBXFrameworksBuildPhase section */
		C308612A2549CD3500D43A32 /* Frameworks */ = {
			isa = PBXFrameworksBuildPhase;
			buildActionMask = 2147483647;
			files = (
			);
			runOnlyForDeploymentPostprocessing = 0;
		};
/* End PBXFrameworksBuildPhase section */

/* Begin PBXGroup section */
		C30861242549CD3500D43A32 = {
			isa = PBXGroup;
			children = (
				C308612F2549CD3500D43A32 /* EBS_TEST */,
				C308612E2549CD3500D43A32 /* Products */,
			);
			sourceTree = "<group>";
		};
		C308612E2549CD3500D43A32 /* Products */ = {
			isa = PBXGroup;
			children = (
				C308612D2549CD3500D43A32 /* EBS_TEST.app */,
			);
			name = Products;
			sourceTree = "<group>";
		};
		C308612F2549CD3500D43A32 /* EBS_TEST */ = {
			isa = PBXGroup;
			children = (
				C3F966CC254BE2A9000D0FD7 /* Controls */,
				C30861302549CD3500D43A32 /* AppDelegate.swift */,
				C3F966C9254B8367000D0FD7 /* Screens */,
				C3F966C5254B82C5000D0FD7 /* Coordinators */,
				C30C0054254B2C6400AFB468 /* Extensions */,
				C30C0019254A021500AFB468 /* Image Caching */,
				C308616B2549D2FA00D43A32 /* Networking */,
				C308614B2549CE2A00D43A32 /* Protocols */,
				C308615E2549CF9A00D43A32 /* Resources */,
				C308615D2549CF8300D43A32 /* Supporting Files */,
			);
			path = EBS_TEST;
			sourceTree = "<group>";
		};
		C308614B2549CE2A00D43A32 /* Protocols */ = {
			isa = PBXGroup;
			children = (
				C308614C2549CE3200D43A32 /* Coordinator.swift */,
				C30861502549CE7300D43A32 /* UIViewController+NibLoaded.swift */,
			);
			path = Protocols;
			sourceTree = "<group>";
		};
		C308615B2549CF6200D43A32 /* Products List */ = {
			isa = PBXGroup;
			children = (
				C30C00102549F72900AFB468 /* Cells */,
				C30C00062549ED5F00AFB468 /* ProductViewModel.swift */,
				C30861532549CECE00D43A32 /* ProductsListViewController.swift */,
				C30C00032549EA1F00AFB468 /* ProductsListPresenter.swift */,
				C30C00092549EE0900AFB468 /* ProductsListInteractor.swift */,
				C30C000C2549EE2300AFB468 /* ProductsListModuleProtocols.swift */,
				C308615F2549CFCC00D43A32 /* ProductsListViewController.xib */,
			);
			path = "Products List";
			sourceTree = "<group>";
		};
		C308615C2549CF6D00D43A32 /* Product Details */ = {
			isa = PBXGroup;
			children = (
				C30861562549CEEB00D43A32 /* ProductDetailsViewController.swift */,
				C30861622549CFD600D43A32 /* ProductDetailsViewController.xib */,
			);
			path = "Product Details";
			sourceTree = "<group>";
		};
		C308615D2549CF8300D43A32 /* Supporting Files */ = {
			isa = PBXGroup;
			children = (
				C308613B2549CD3800D43A32 /* LaunchScreen.storyboard */,
				C308613E2549CD3800D43A32 /* Info.plist */,
			);
			path = "Supporting Files";
			sourceTree = "<group>";
		};
		C308615E2549CF9A00D43A32 /* Resources */ = {
			isa = PBXGroup;
			children = (
				C30861392549CD3800D43A32 /* Assets.xcassets */,
			);
			path = Resources;
			sourceTree = "<group>";
		};
		C308616B2549D2FA00D43A32 /* Networking */ = {
			isa = PBXGroup;
			children = (
				C30861792549E53E00D43A32 /* Responses */,
				C30861762549E4D800D43A32 /* EBSAPIClient.swift */,
				C308616D2549D49B00D43A32 /* HttpMethod.swift */,
				C30861702549D4AC00D43A32 /* Resource.swift */,
				C30861732549DE0A00D43A32 /* APIError.swift */,
			);
			path = Networking;
			sourceTree = "<group>";
		};
		C30861792549E53E00D43A32 /* Responses */ = {
			isa = PBXGroup;
			children = (
				C308617A2549E54700D43A32 /* ProductResponse.swift */,
			);
			path = Responses;
			sourceTree = "<group>";
		};
		C30C00102549F72900AFB468 /* Cells */ = {
			isa = PBXGroup;
			children = (
				C30C0067254B753D00AFB468 /* ProductListLoadingTableViewCell */,
				C30C0066254B753200AFB468 /* ProductListTableViewCell */,
			);
			path = Cells;
			sourceTree = "<group>";
		};
		C30C0019254A021500AFB468 /* Image Caching */ = {
			isa = PBXGroup;
			children = (
				C30C001A254A023700AFB468 /* ImageCache.swift */,
				C30C001D254A027900AFB468 /* ImageURLProtocol.swift */,
				C30C0020254A02A600AFB468 /* ImageItem.swift */,
			);
			path = "Image Caching";
			sourceTree = "<group>";
		};
		C30C0054254B2C6400AFB468 /* Extensions */ = {
			isa = PBXGroup;
			children = (
				C30C0055254B2C7400AFB468 /* UIViewController+NavigationItem.swift */,
				C30C0058254B2D0500AFB468 /* UIColor+Colors.swift */,
				C30C005B254B2D2400AFB468 /* UITableView+Registration.swift */,
				C30C005E254B2D4700AFB468 /* UITableViewCell+ReuseIdentifier.swift */,
				C30C0063254B2D8100AFB468 /* UIImageView+AsyncLoading.swift */,
			);
			path = Extensions;
			sourceTree = "<group>";
		};
		C30C0066254B753200AFB468 /* ProductListTableViewCell */ = {
			isa = PBXGroup;
			children = (
				C30C00122549F73D00AFB468 /* ProductListTableViewCell.swift */,
				C30C00152549F74F00AFB468 /* ProductListTableViewCell.xib */,
			);
			path = ProductListTableViewCell;
			sourceTree = "<group>";
		};
		C30C0067254B753D00AFB468 /* ProductListLoadingTableViewCell */ = {
			isa = PBXGroup;
			children = (
				C30C0068254B755700AFB468 /* ProductListLoadingTableViewCell.swift */,
				C30C006B254B758A00AFB468 /* ProductListLoadingTableViewCell.xib */,
			);
			path = ProductListLoadingTableViewCell;
			sourceTree = "<group>";
		};
		C3F966C5254B82C5000D0FD7 /* Coordinators */ = {
			isa = PBXGroup;
			children = (
				C30861662549D11300D43A32 /* MainCoordinator.swift */,
				C3F966C6254B82D7000D0FD7 /* ProductDetailsCoordinator.swift */,
			);
			path = Coordinators;
			sourceTree = "<group>";
		};
		C3F966C9254B8367000D0FD7 /* Screens */ = {
			isa = PBXGroup;
			children = (
				C308615B2549CF6200D43A32 /* Products List */,
				C308615C2549CF6D00D43A32 /* Product Details */,
			);
			path = Screens;
			sourceTree = "<group>";
		};
		C3F966CC254BE2A9000D0FD7 /* Controls */ = {
			isa = PBXGroup;
			children = (
				C3F966CD254BE2CB000D0FD7 /* ProductShortInfoView.swift */,
			);
			path = Controls;
			sourceTree = "<group>";
		};
/* End PBXGroup section */

/* Begin PBXNativeTarget section */
		C308612C2549CD3500D43A32 /* EBS_TEST */ = {
			isa = PBXNativeTarget;
			buildConfigurationList = C30861412549CD3800D43A32 /* Build configuration list for PBXNativeTarget "EBS_TEST" */;
			buildPhases = (
				C30861292549CD3500D43A32 /* Sources */,
				C308612A2549CD3500D43A32 /* Frameworks */,
				C308612B2549CD3500D43A32 /* Resources */,
			);
			buildRules = (
			);
			dependencies = (
			);
			name = EBS_TEST;
			productName = EBS_TEST;
			productReference = C308612D2549CD3500D43A32 /* EBS_TEST.app */;
			productType = "com.apple.product-type.application";
		};
/* End PBXNativeTarget section */

/* Begin PBXProject section */
		C30861252549CD3500D43A32 /* Project object */ = {
			isa = PBXProject;
			attributes = {
				LastSwiftUpdateCheck = 1210;
				LastUpgradeCheck = 1210;
				TargetAttributes = {
					C308612C2549CD3500D43A32 = {
						CreatedOnToolsVersion = 12.1;
					};
				};
			};
			buildConfigurationList = C30861282549CD3500D43A32 /* Build configuration list for PBXProject "EBS_TEST" */;
			compatibilityVersion = "Xcode 9.3";
			developmentRegion = en;
			hasScannedForEncodings = 0;
			knownRegions = (
				en,
				Base,
			);
			mainGroup = C30861242549CD3500D43A32;
			productRefGroup = C308612E2549CD3500D43A32 /* Products */;
			projectDirPath = "";
			projectRoot = "";
			targets = (
				C308612C2549CD3500D43A32 /* EBS_TEST */,
			);
		};
/* End PBXProject section */

/* Begin PBXResourcesBuildPhase section */
		C308612B2549CD3500D43A32 /* Resources */ = {
			isa = PBXResourcesBuildPhase;
			buildActionMask = 2147483647;
			files = (
				C30C006C254B758A00AFB468 /* ProductListLoadingTableViewCell.xib in Resources */,
				C30C00162549F74F00AFB468 /* ProductListTableViewCell.xib in Resources */,
				C30861602549CFCC00D43A32 /* ProductsListViewController.xib in Resources */,
				C308613D2549CD3800D43A32 /* LaunchScreen.storyboard in Resources */,
				C30861632549CFD600D43A32 /* ProductDetailsViewController.xib in Resources */,
				C308613A2549CD3800D43A32 /* Assets.xcassets in Resources */,
			);
			runOnlyForDeploymentPostprocessing = 0;
		};
/* End PBXResourcesBuildPhase section */

/* Begin PBXSourcesBuildPhase section */
		C30861292549CD3500D43A32 /* Sources */ = {
			isa = PBXSourcesBuildPhase;
			buildActionMask = 2147483647;
			files = (
				C30861772549E4D800D43A32 /* EBSAPIClient.swift in Sources */,
				C308617B2549E54700D43A32 /* ProductResponse.swift in Sources */,
				C30C001B254A023700AFB468 /* ImageCache.swift in Sources */,
				C30861512549CE7300D43A32 /* UIViewController+NibLoaded.swift in Sources */,
				C30C005C254B2D2400AFB468 /* UITableView+Registration.swift in Sources */,
				C30C0059254B2D0500AFB468 /* UIColor+Colors.swift in Sources */,
				C30C000D2549EE2300AFB468 /* ProductsListModuleProtocols.swift in Sources */,
				C3F966C7254B82D7000D0FD7 /* ProductDetailsCoordinator.swift in Sources */,
				C30C001E254A027900AFB468 /* ImageURLProtocol.swift in Sources */,
				C30861712549D4AC00D43A32 /* Resource.swift in Sources */,
				C30C005F254B2D4700AFB468 /* UITableViewCell+ReuseIdentifier.swift in Sources */,
				C30C0069254B755700AFB468 /* ProductListLoadingTableViewCell.swift in Sources */,
				C30861672549D11300D43A32 /* MainCoordinator.swift in Sources */,
				C30C00072549ED5F00AFB468 /* ProductViewModel.swift in Sources */,
				C308614D2549CE3200D43A32 /* Coordinator.swift in Sources */,
				C30C0021254A02A600AFB468 /* ImageItem.swift in Sources */,
				C3F966CE254BE2CB000D0FD7 /* ProductShortInfoView.swift in Sources */,
				C30C00042549EA1F00AFB468 /* ProductsListPresenter.swift in Sources */,
				C30C00132549F73D00AFB468 /* ProductListTableViewCell.swift in Sources */,
				C308616E2549D49B00D43A32 /* HttpMethod.swift in Sources */,
				C30861312549CD3500D43A32 /* AppDelegate.swift in Sources */,
				C30C0056254B2C7400AFB468 /* UIViewController+NavigationItem.swift in Sources */,
				C30861572549CEEB00D43A32 /* ProductDetailsViewController.swift in Sources */,
				C30C0064254B2D8100AFB468 /* UIImageView+AsyncLoading.swift in Sources */,
				C30861542549CECE00D43A32 /* ProductsListViewController.swift in Sources */,
				C30C000A2549EE0900AFB468 /* ProductsListInteractor.swift in Sources */,
				C30861742549DE0A00D43A32 /* APIError.swift in Sources */,
			);
			runOnlyForDeploymentPostprocessing = 0;
		};
/* End PBXSourcesBuildPhase section */

/* Begin PBXVariantGroup section */
		C308613B2549CD3800D43A32 /* LaunchScreen.storyboard */ = {
			isa = PBXVariantGroup;
			children = (
				C308613C2549CD3800D43A32 /* Base */,
			);
			name = LaunchScreen.storyboard;
			sourceTree = "<group>";
		};
/* End PBXVariantGroup section */

/* Begin XCBuildConfiguration section */
		C308613F2549CD3800D43A32 /* Debug */ = {
			isa = XCBuildConfiguration;
			buildSettings = {
				ALWAYS_SEARCH_USER_PATHS = NO;
				CLANG_ANALYZER_NONNULL = YES;
				CLANG_ANALYZER_NUMBER_OBJECT_CONVERSION = YES_AGGRESSIVE;
				CLANG_CXX_LANGUAGE_STANDARD = "gnu++14";
				CLANG_CXX_LIBRARY = "libc++";
				CLANG_ENABLE_MODULES = YES;
				CLANG_ENABLE_OBJC_ARC = YES;
				CLANG_ENABLE_OBJC_WEAK = YES;
				CLANG_WARN_BLOCK_CAPTURE_AUTORELEASING = YES;
				CLANG_WARN_BOOL_CONVERSION = YES;
				CLANG_WARN_COMMA = YES;
				CLANG_WARN_CONSTANT_CONVERSION = YES;
				CLANG_WARN_DEPRECATED_OBJC_IMPLEMENTATIONS = YES;
				CLANG_WARN_DIRECT_OBJC_ISA_USAGE = YES_ERROR;
				CLANG_WARN_DOCUMENTATION_COMMENTS = YES;
				CLANG_WARN_EMPTY_BODY = YES;
				CLANG_WARN_ENUM_CONVERSION = YES;
				CLANG_WARN_INFINITE_RECURSION = YES;
				CLANG_WARN_INT_CONVERSION = YES;
				CLANG_WARN_NON_LITERAL_NULL_CONVERSION = YES;
				CLANG_WARN_OBJC_IMPLICIT_RETAIN_SELF = YES;
				CLANG_WARN_OBJC_LITERAL_CONVERSION = YES;
				CLANG_WARN_OBJC_ROOT_CLASS = YES_ERROR;
				CLANG_WARN_QUOTED_INCLUDE_IN_FRAMEWORK_HEADER = YES;
				CLANG_WARN_RANGE_LOOP_ANALYSIS = YES;
				CLANG_WARN_STRICT_PROTOTYPES = YES;
				CLANG_WARN_SUSPICIOUS_MOVE = YES;
				CLANG_WARN_UNGUARDED_AVAILABILITY = YES_AGGRESSIVE;
				CLANG_WARN_UNREACHABLE_CODE = YES;
				CLANG_WARN__DUPLICATE_METHOD_MATCH = YES;
				COPY_PHASE_STRIP = NO;
				DEBUG_INFORMATION_FORMAT = dwarf;
				ENABLE_STRICT_OBJC_MSGSEND = YES;
				ENABLE_TESTABILITY = YES;
				GCC_C_LANGUAGE_STANDARD = gnu11;
				GCC_DYNAMIC_NO_PIC = NO;
				GCC_NO_COMMON_BLOCKS = YES;
				GCC_OPTIMIZATION_LEVEL = 0;
				GCC_PREPROCESSOR_DEFINITIONS = (
					"DEBUG=1",
					"$(inherited)",
				);
				GCC_WARN_64_TO_32_BIT_CONVERSION = YES;
				GCC_WARN_ABOUT_RETURN_TYPE = YES_ERROR;
				GCC_WARN_UNDECLARED_SELECTOR = YES;
				GCC_WARN_UNINITIALIZED_AUTOS = YES_AGGRESSIVE;
				GCC_WARN_UNUSED_FUNCTION = YES;
				GCC_WARN_UNUSED_VARIABLE = YES;
				IPHONEOS_DEPLOYMENT_TARGET = 14.1;
				MTL_ENABLE_DEBUG_INFO = INCLUDE_SOURCE;
				MTL_FAST_MATH = YES;
				ONLY_ACTIVE_ARCH = YES;
				SDKROOT = iphoneos;
				SWIFT_ACTIVE_COMPILATION_CONDITIONS = DEBUG;
				SWIFT_OPTIMIZATION_LEVEL = "-Onone";
			};
			name = Debug;
		};
		C30861402549CD3800D43A32 /* Release */ = {
			isa = XCBuildConfiguration;
			buildSettings = {
				ALWAYS_SEARCH_USER_PATHS = NO;
				CLANG_ANALYZER_NONNULL = YES;
				CLANG_ANALYZER_NUMBER_OBJECT_CONVERSION = YES_AGGRESSIVE;
				CLANG_CXX_LANGUAGE_STANDARD = "gnu++14";
				CLANG_CXX_LIBRARY = "libc++";
				CLANG_ENABLE_MODULES = YES;
				CLANG_ENABLE_OBJC_ARC = YES;
				CLANG_ENABLE_OBJC_WEAK = YES;
				CLANG_WARN_BLOCK_CAPTURE_AUTORELEASING = YES;
				CLANG_WARN_BOOL_CONVERSION = YES;
				CLANG_WARN_COMMA = YES;
				CLANG_WARN_CONSTANT_CONVERSION = YES;
				CLANG_WARN_DEPRECATED_OBJC_IMPLEMENTATIONS = YES;
				CLANG_WARN_DIRECT_OBJC_ISA_USAGE = YES_ERROR;
				CLANG_WARN_DOCUMENTATION_COMMENTS = YES;
				CLANG_WARN_EMPTY_BODY = YES;
				CLANG_WARN_ENUM_CONVERSION = YES;
				CLANG_WARN_INFINITE_RECURSION = YES;
				CLANG_WARN_INT_CONVERSION = YES;
				CLANG_WARN_NON_LITERAL_NULL_CONVERSION = YES;
				CLANG_WARN_OBJC_IMPLICIT_RETAIN_SELF = YES;
				CLANG_WARN_OBJC_LITERAL_CONVERSION = YES;
				CLANG_WARN_OBJC_ROOT_CLASS = YES_ERROR;
				CLANG_WARN_QUOTED_INCLUDE_IN_FRAMEWORK_HEADER = YES;
				CLANG_WARN_RANGE_LOOP_ANALYSIS = YES;
				CLANG_WARN_STRICT_PROTOTYPES = YES;
				CLANG_WARN_SUSPICIOUS_MOVE = YES;
				CLANG_WARN_UNGUARDED_AVAILABILITY = YES_AGGRESSIVE;
				CLANG_WARN_UNREACHABLE_CODE = YES;
				CLANG_WARN__DUPLICATE_METHOD_MATCH = YES;
				COPY_PHASE_STRIP = NO;
				DEBUG_INFORMATION_FORMAT = "dwarf-with-dsym";
				ENABLE_NS_ASSERTIONS = NO;
				ENABLE_STRICT_OBJC_MSGSEND = YES;
				GCC_C_LANGUAGE_STANDARD = gnu11;
				GCC_NO_COMMON_BLOCKS = YES;
				GCC_WARN_64_TO_32_BIT_CONVERSION = YES;
				GCC_WARN_ABOUT_RETURN_TYPE = YES_ERROR;
				GCC_WARN_UNDECLARED_SELECTOR = YES;
				GCC_WARN_UNINITIALIZED_AUTOS = YES_AGGRESSIVE;
				GCC_WARN_UNUSED_FUNCTION = YES;
				GCC_WARN_UNUSED_VARIABLE = YES;
				IPHONEOS_DEPLOYMENT_TARGET = 14.1;
				MTL_ENABLE_DEBUG_INFO = NO;
				MTL_FAST_MATH = YES;
				SDKROOT = iphoneos;
				SWIFT_COMPILATION_MODE = wholemodule;
				SWIFT_OPTIMIZATION_LEVEL = "-O";
				VALIDATE_PRODUCT = YES;
			};
			name = Release;
		};
		C30861422549CD3800D43A32 /* Debug */ = {
			isa = XCBuildConfiguration;
			buildSettings = {
				ASSETCATALOG_COMPILER_APPICON_NAME = AppIcon;
				ASSETCATALOG_COMPILER_GLOBAL_ACCENT_COLOR_NAME = AccentColor;
				CODE_SIGN_STYLE = Automatic;
				DEVELOPMENT_TEAM = TX8377YQ35;
				INFOPLIST_FILE = "EBS_TEST/Supporting Files/Info.plist";
				LD_RUNPATH_SEARCH_PATHS = (
					"$(inherited)",
					"@executable_path/Frameworks",
				);
				PRODUCT_BUNDLE_IDENTIFIER = "self.morarivv.EBS-TEST";
				PRODUCT_NAME = "$(TARGET_NAME)";
				SWIFT_VERSION = 5.0;
				TARGETED_DEVICE_FAMILY = "1,2";
			};
			name = Debug;
		};
		C30861432549CD3800D43A32 /* Release */ = {
			isa = XCBuildConfiguration;
			buildSettings = {
				ASSETCATALOG_COMPILER_APPICON_NAME = AppIcon;
				ASSETCATALOG_COMPILER_GLOBAL_ACCENT_COLOR_NAME = AccentColor;
				CODE_SIGN_STYLE = Automatic;
				DEVELOPMENT_TEAM = TX8377YQ35;
				INFOPLIST_FILE = "EBS_TEST/Supporting Files/Info.plist";
				LD_RUNPATH_SEARCH_PATHS = (
					"$(inherited)",
					"@executable_path/Frameworks",
				);
				PRODUCT_BUNDLE_IDENTIFIER = "self.morarivv.EBS-TEST";
				PRODUCT_NAME = "$(TARGET_NAME)";
				SWIFT_VERSION = 5.0;
				TARGETED_DEVICE_FAMILY = "1,2";
			};
			name = Release;
		};
/* End XCBuildConfiguration section */

/* Begin XCConfigurationList section */
		C30861282549CD3500D43A32 /* Build configuration list for PBXProject "EBS_TEST" */ = {
			isa = XCConfigurationList;
			buildConfigurations = (
				C308613F2549CD3800D43A32 /* Debug */,
				C30861402549CD3800D43A32 /* Release */,
			);
			defaultConfigurationIsVisible = 0;
			defaultConfigurationName = Release;
		};
		C30861412549CD3800D43A32 /* Build configuration list for PBXNativeTarget "EBS_TEST" */ = {
			isa = XCConfigurationList;
			buildConfigurations = (
				C30861422549CD3800D43A32 /* Debug */,
				C30861432549CD3800D43A32 /* Release */,
			);
			defaultConfigurationIsVisible = 0;
			defaultConfigurationName = Release;
		};
/* End XCConfigurationList section */
	};
	rootObject = C30861252549CD3500D43A32 /* Project object */;
}
